// !$*UTF8*$!
{
	archiveVersion = 1;
	classes = {
	};
	objectVersion = 50;
	objects = {

/* Begin PBXBuildFile section */
		CD57144C266910D1005DD8C5 /* AppDelegate.swift in Sources */ = {isa = PBXBuildFile; fileRef = CD57144B266910D1005DD8C5 /* AppDelegate.swift */; };
		CD57144E266910D1005DD8C5 /* SceneDelegate.swift in Sources */ = {isa = PBXBuildFile; fileRef = CD57144D266910D1005DD8C5 /* SceneDelegate.swift */; };
		CD571455266910D4005DD8C5 /* Assets.xcassets in Resources */ = {isa = PBXBuildFile; fileRef = CD571454266910D4005DD8C5 /* Assets.xcassets */; };
		CD571458266910D4005DD8C5 /* LaunchScreen.storyboard in Resources */ = {isa = PBXBuildFile; fileRef = CD571456266910D4005DD8C5 /* LaunchScreen.storyboard */; };
		CD57146026691184005DD8C5 /* ChatList.storyboard in Resources */ = {isa = PBXBuildFile; fileRef = CD57145F26691184005DD8C5 /* ChatList.storyboard */; };
		CD57146226691309005DD8C5 /* ChatListViewController.swift in Sources */ = {isa = PBXBuildFile; fileRef = CD57146126691309005DD8C5 /* ChatListViewController.swift */; };
		CD571466267466B7005DD8C5 /* UIColor-Extension.swift in Sources */ = {isa = PBXBuildFile; fileRef = CD571465267466B7005DD8C5 /* UIColor-Extension.swift */; };
		CD95D6562675F4CA001C41ED /* ChatRoomTableViewCell.xib in Resources */ = {isa = PBXBuildFile; fileRef = CD95D6552675F4CA001C41ED /* ChatRoomTableViewCell.xib */; };
		CD95D6582675F639001C41ED /* ChatRoomTableViewCell.swift in Sources */ = {isa = PBXBuildFile; fileRef = CD95D6572675F639001C41ED /* ChatRoomTableViewCell.swift */; };
		CD9B5A5E26746B2B00780E83 /* ChatRoom.storyboard in Resources */ = {isa = PBXBuildFile; fileRef = CD9B5A5D26746B2B00780E83 /* ChatRoom.storyboard */; };
		CD9B5A6026746C9B00780E83 /* ChatRoomViewController.swift in Sources */ = {isa = PBXBuildFile; fileRef = CD9B5A5F26746C9B00780E83 /* ChatRoomViewController.swift */; };
/* End PBXBuildFile section */

/* Begin PBXFileReference section */
		CD571448266910D1005DD8C5 /* SimpleChat.app */ = {isa = PBXFileReference; explicitFileType = wrapper.application; includeInIndex = 0; path = SimpleChat.app; sourceTree = BUILT_PRODUCTS_DIR; };
		CD57144B266910D1005DD8C5 /* AppDelegate.swift */ = {isa = PBXFileReference; lastKnownFileType = sourcecode.swift; path = AppDelegate.swift; sourceTree = "<group>"; };
		CD57144D266910D1005DD8C5 /* SceneDelegate.swift */ = {isa = PBXFileReference; lastKnownFileType = sourcecode.swift; path = SceneDelegate.swift; sourceTree = "<group>"; };
		CD571454266910D4005DD8C5 /* Assets.xcassets */ = {isa = PBXFileReference; lastKnownFileType = folder.assetcatalog; path = Assets.xcassets; sourceTree = "<group>"; };
		CD571457266910D4005DD8C5 /* Base */ = {isa = PBXFileReference; lastKnownFileType = file.storyboard; name = Base; path = Base.lproj/LaunchScreen.storyboard; sourceTree = "<group>"; };
		CD571459266910D4005DD8C5 /* Info.plist */ = {isa = PBXFileReference; lastKnownFileType = text.plist.xml; path = Info.plist; sourceTree = "<group>"; };
		CD57145F26691184005DD8C5 /* ChatList.storyboard */ = {isa = PBXFileReference; lastKnownFileType = file.storyboard; path = ChatList.storyboard; sourceTree = "<group>"; };
		CD57146126691309005DD8C5 /* ChatListViewController.swift */ = {isa = PBXFileReference; lastKnownFileType = sourcecode.swift; path = ChatListViewController.swift; sourceTree = "<group>"; };
		CD571465267466B7005DD8C5 /* UIColor-Extension.swift */ = {isa = PBXFileReference; lastKnownFileType = sourcecode.swift; path = "UIColor-Extension.swift"; sourceTree = "<group>"; };
		CD95D6552675F4CA001C41ED /* ChatRoomTableViewCell.xib */ = {isa = PBXFileReference; fileEncoding = 4; lastKnownFileType = file.xib; path = ChatRoomTableViewCell.xib; sourceTree = "<group>"; };
		CD95D6572675F639001C41ED /* ChatRoomTableViewCell.swift */ = {isa = PBXFileReference; lastKnownFileType = sourcecode.swift; path = ChatRoomTableViewCell.swift; sourceTree = "<group>"; };
		CD9B5A5D26746B2B00780E83 /* ChatRoom.storyboard */ = {isa = PBXFileReference; lastKnownFileType = file.storyboard; path = ChatRoom.storyboard; sourceTree = "<group>"; };
		CD9B5A5F26746C9B00780E83 /* ChatRoomViewController.swift */ = {isa = PBXFileReference; lastKnownFileType = sourcecode.swift; path = ChatRoomViewController.swift; sourceTree = "<group>"; };
/* End PBXFileReference section */

/* Begin PBXFrameworksBuildPhase section */
		CD571445266910D1005DD8C5 /* Frameworks */ = {
			isa = PBXFrameworksBuildPhase;
			buildActionMask = 2147483647;
			files = (
			);
			runOnlyForDeploymentPostprocessing = 0;
		};
/* End PBXFrameworksBuildPhase section */

/* Begin PBXGroup section */
		CD57143F266910D1005DD8C5 = {
			isa = PBXGroup;
			children = (
				CD57144A266910D1005DD8C5 /* SimpleChat */,
				CD571449266910D1005DD8C5 /* Products */,
			);
			sourceTree = "<group>";
		};
		CD571449266910D1005DD8C5 /* Products */ = {
			isa = PBXGroup;
			children = (
				CD571448266910D1005DD8C5 /* SimpleChat.app */,
			);
			name = Products;
			sourceTree = "<group>";
		};
		CD57144A266910D1005DD8C5 /* SimpleChat */ = {
			isa = PBXGroup;
			children = (
				CD571464267465F5005DD8C5 /* StoryBoards */,
				CD571463267465B9005DD8C5 /* Controllers */,
				CD95D6552675F4CA001C41ED /* ChatRoomTableViewCell.xib */,
				CD95D6572675F639001C41ED /* ChatRoomTableViewCell.swift */,
				CD571465267466B7005DD8C5 /* UIColor-Extension.swift */,
				CD57144B266910D1005DD8C5 /* AppDelegate.swift */,
				CD57144D266910D1005DD8C5 /* SceneDelegate.swift */,
				CD571454266910D4005DD8C5 /* Assets.xcassets */,
				CD571456266910D4005DD8C5 /* LaunchScreen.storyboard */,
				CD571459266910D4005DD8C5 /* Info.plist */,
			);
			path = SimpleChat;
			sourceTree = "<group>";
		};
		CD571463267465B9005DD8C5 /* Controllers */ = {
			isa = PBXGroup;
			children = (
				CD57146126691309005DD8C5 /* ChatListViewController.swift */,
				CD9B5A5F26746C9B00780E83 /* ChatRoomViewController.swift */,
			);
			path = Controllers;
			sourceTree = "<group>";
		};
		CD571464267465F5005DD8C5 /* StoryBoards */ = {
			isa = PBXGroup;
			children = (
				CD57145F26691184005DD8C5 /* ChatList.storyboard */,
				CD9B5A5D26746B2B00780E83 /* ChatRoom.storyboard */,
			);
			path = StoryBoards;
			sourceTree = "<group>";
		};
/* End PBXGroup section */

/* Begin PBXNativeTarget section */
		CD571447266910D1005DD8C5 /* SimpleChat */ = {
			isa = PBXNativeTarget;
			buildConfigurationList = CD57145C266910D4005DD8C5 /* Build configuration list for PBXNativeTarget "SimpleChat" */;
			buildPhases = (
				CD571444266910D1005DD8C5 /* Sources */,
				CD571445266910D1005DD8C5 /* Frameworks */,
				CD571446266910D1005DD8C5 /* Resources */,
			);
			buildRules = (
			);
			dependencies = (
			);
			name = SimpleChat;
			productName = SimpleChat;
			productReference = CD571448266910D1005DD8C5 /* SimpleChat.app */;
			productType = "com.apple.product-type.application";
		};
/* End PBXNativeTarget section */

/* Begin PBXProject section */
		CD571440266910D1005DD8C5 /* Project object */ = {
			isa = PBXProject;
			attributes = {
				LastSwiftUpdateCheck = 1250;
				LastUpgradeCheck = 1250;
				TargetAttributes = {
					CD571447266910D1005DD8C5 = {
						CreatedOnToolsVersion = 12.5;
					};
				};
			};
			buildConfigurationList = CD571443266910D1005DD8C5 /* Build configuration list for PBXProject "SimpleChat" */;
			compatibilityVersion = "Xcode 9.3";
			developmentRegion = en;
			hasScannedForEncodings = 0;
			knownRegions = (
				en,
				Base,
			);
			mainGroup = CD57143F266910D1005DD8C5;
			productRefGroup = CD571449266910D1005DD8C5 /* Products */;
			projectDirPath = "";
			projectRoot = "";
			targets = (
				CD571447266910D1005DD8C5 /* SimpleChat */,
			);
		};
/* End PBXProject section */

/* Begin PBXResourcesBuildPhase section */
		CD571446266910D1005DD8C5 /* Resources */ = {
			isa = PBXResourcesBuildPhase;
			buildActionMask = 2147483647;
			files = (
				CD95D6562675F4CA001C41ED /* ChatRoomTableViewCell.xib in Resources */,
				CD571458266910D4005DD8C5 /* LaunchScreen.storyboard in Resources */,
				CD571455266910D4005DD8C5 /* Assets.xcassets in Resources */,
				CD57146026691184005DD8C5 /* ChatList.storyboard in Resources */,
				CD9B5A5E26746B2B00780E83 /* ChatRoom.storyboard in Resources */,
			);
			runOnlyForDeploymentPostprocessing = 0;
		};
/* End PBXResourcesBuildPhase section */

/* Begin PBXSourcesBuildPhase section */
		CD571444266910D1005DD8C5 /* Sources */ = {
			isa = PBXSourcesBuildPhase;
			buildActionMask = 2147483647;
			files = (
				CD57144C266910D1005DD8C5 /* AppDelegate.swift in Sources */,
				CD571466267466B7005DD8C5 /* UIColor-Extension.swift in Sources */,
				CD9B5A6026746C9B00780E83 /* ChatRoomViewController.swift in Sources */,
				CD57146226691309005DD8C5 /* ChatListViewController.swift in Sources */,
				CD95D6582675F639001C41ED /* ChatRoomTableViewCell.swift in Sources */,
				CD57144E266910D1005DD8C5 /* SceneDelegate.swift in Sources */,
			);
			runOnlyForDeploymentPostprocessing = 0;
		};
/* End PBXSourcesBuildPhase section */

/* Begin PBXVariantGroup section */
		CD571456266910D4005DD8C5 /* LaunchScreen.storyboard */ = {
			isa = PBXVariantGroup;
			children = (
				CD571457266910D4005DD8C5 /* Base */,
			);
			name = LaunchScreen.storyboard;
			sourceTree = "<group>";
		};
/* End PBXVariantGroup section */

/* Begin XCBuildConfiguration section */
		CD57145A266910D4005DD8C5 /* Debug */ = {
			isa = XCBuildConfiguration;
			buildSettings = {
				ALWAYS_SEARCH_USER_PATHS = NO;
				CLANG_ANALYZER_NONNULL = YES;
				CLANG_ANALYZER_NUMBER_OBJECT_CONVERSION = YES_AGGRESSIVE;
				CLANG_CXX_LANGUAGE_STANDARD = "gnu++14";
				CLANG_CXX_LIBRARY = "libc++";
				CLANG_ENABLE_MODULES = YES;
				CLANG_ENABLE_OBJC_ARC = YES;
				CLANG_ENABLE_OBJC_WEAK = YES;
				CLANG_WARN_BLOCK_CAPTURE_AUTORELEASING = YES;
				CLANG_WARN_BOOL_CONVERSION = YES;
				CLANG_WARN_COMMA = YES;
				CLANG_WARN_CONSTANT_CONVERSION = YES;
				CLANG_WARN_DEPRECATED_OBJC_IMPLEMENTATIONS = YES;
				CLANG_WARN_DIRECT_OBJC_ISA_USAGE = YES_ERROR;
				CLANG_WARN_DOCUMENTATION_COMMENTS = YES;
				CLANG_WARN_EMPTY_BODY = YES;
				CLANG_WARN_ENUM_CONVERSION = YES;
				CLANG_WARN_INFINITE_RECURSION = YES;
				CLANG_WARN_INT_CONVERSION = YES;
				CLANG_WARN_NON_LITERAL_NULL_CONVERSION = YES;
				CLANG_WARN_OBJC_IMPLICIT_RETAIN_SELF = YES;
				CLANG_WARN_OBJC_LITERAL_CONVERSION = YES;
				CLANG_WARN_OBJC_ROOT_CLASS = YES_ERROR;
				CLANG_WARN_QUOTED_INCLUDE_IN_FRAMEWORK_HEADER = YES;
				CLANG_WARN_RANGE_LOOP_ANALYSIS = YES;
				CLANG_WARN_STRICT_PROTOTYPES = YES;
				CLANG_WARN_SUSPICIOUS_MOVE = YES;
				CLANG_WARN_UNGUARDED_AVAILABILITY = YES_AGGRESSIVE;
				CLANG_WARN_UNREACHABLE_CODE = YES;
				CLANG_WARN__DUPLICATE_METHOD_MATCH = YES;
				COPY_PHASE_STRIP = NO;
				DEBUG_INFORMATION_FORMAT = dwarf;
				ENABLE_STRICT_OBJC_MSGSEND = YES;
				ENABLE_TESTABILITY = YES;
				GCC_C_LANGUAGE_STANDARD = gnu11;
				GCC_DYNAMIC_NO_PIC = NO;
				GCC_NO_COMMON_BLOCKS = YES;
				GCC_OPTIMIZATION_LEVEL = 0;
				GCC_PREPROCESSOR_DEFINITIONS = (
					"DEBUG=1",
					"$(inherited)",
				);
				GCC_WARN_64_TO_32_BIT_CONVERSION = YES;
				GCC_WARN_ABOUT_RETURN_TYPE = YES_ERROR;
				GCC_WARN_UNDECLARED_SELECTOR = YES;
				GCC_WARN_UNINITIALIZED_AUTOS = YES_AGGRESSIVE;
				GCC_WARN_UNUSED_FUNCTION = YES;
				GCC_WARN_UNUSED_VARIABLE = YES;
				IPHONEOS_DEPLOYMENT_TARGET = 14.5;
				MTL_ENABLE_DEBUG_INFO = INCLUDE_SOURCE;
				MTL_FAST_MATH = YES;
				ONLY_ACTIVE_ARCH = YES;
				SDKROOT = iphoneos;
				SWIFT_ACTIVE_COMPILATION_CONDITIONS = DEBUG;
				SWIFT_OPTIMIZATION_LEVEL = "-Onone";
			};
			name = Debug;
		};
		CD57145B266910D4005DD8C5 /* Release */ = {
			isa = XCBuildConfiguration;
			buildSettings = {
				ALWAYS_SEARCH_USER_PATHS = NO;
				CLANG_ANALYZER_NONNULL = YES;
				CLANG_ANALYZER_NUMBER_OBJECT_CONVERSION = YES_AGGRESSIVE;
				CLANG_CXX_LANGUAGE_STANDARD = "gnu++14";
				CLANG_CXX_LIBRARY = "libc++";
				CLANG_ENABLE_MODULES = YES;
				CLANG_ENABLE_OBJC_ARC = YES;
				CLANG_ENABLE_OBJC_WEAK = YES;
				CLANG_WARN_BLOCK_CAPTURE_AUTORELEASING = YES;
				CLANG_WARN_BOOL_CONVERSION = YES;
				CLANG_WARN_COMMA = YES;
				CLANG_WARN_CONSTANT_CONVERSION = YES;
				CLANG_WARN_DEPRECATED_OBJC_IMPLEMENTATIONS = YES;
				CLANG_WARN_DIRECT_OBJC_ISA_USAGE = YES_ERROR;
				CLANG_WARN_DOCUMENTATION_COMMENTS = YES;
				CLANG_WARN_EMPTY_BODY = YES;
				CLANG_WARN_ENUM_CONVERSION = YES;
				CLANG_WARN_INFINITE_RECURSION = YES;
				CLANG_WARN_INT_CONVERSION = YES;
				CLANG_WARN_NON_LITERAL_NULL_CONVERSION = YES;
				CLANG_WARN_OBJC_IMPLICIT_RETAIN_SELF = YES;
				CLANG_WARN_OBJC_LITERAL_CONVERSION = YES;
				CLANG_WARN_OBJC_ROOT_CLASS = YES_ERROR;
				CLANG_WARN_QUOTED_INCLUDE_IN_FRAMEWORK_HEADER = YES;
				CLANG_WARN_RANGE_LOOP_ANALYSIS = YES;
				CLANG_WARN_STRICT_PROTOTYPES = YES;
				CLANG_WARN_SUSPICIOUS_MOVE = YES;
				CLANG_WARN_UNGUARDED_AVAILABILITY = YES_AGGRESSIVE;
				CLANG_WARN_UNREACHABLE_CODE = YES;
				CLANG_WARN__DUPLICATE_METHOD_MATCH = YES;
				COPY_PHASE_STRIP = NO;
				DEBUG_INFORMATION_FORMAT = "dwarf-with-dsym";
				ENABLE_NS_ASSERTIONS = NO;
				ENABLE_STRICT_OBJC_MSGSEND = YES;
				GCC_C_LANGUAGE_STANDARD = gnu11;
				GCC_NO_COMMON_BLOCKS = YES;
				GCC_WARN_64_TO_32_BIT_CONVERSION = YES;
				GCC_WARN_ABOUT_RETURN_TYPE = YES_ERROR;
				GCC_WARN_UNDECLARED_SELECTOR = YES;
				GCC_WARN_UNINITIALIZED_AUTOS = YES_AGGRESSIVE;
				GCC_WARN_UNUSED_FUNCTION = YES;
				GCC_WARN_UNUSED_VARIABLE = YES;
				IPHONEOS_DEPLOYMENT_TARGET = 14.5;
				MTL_ENABLE_DEBUG_INFO = NO;
				MTL_FAST_MATH = YES;
				SDKROOT = iphoneos;
				SWIFT_COMPILATION_MODE = wholemodule;
				SWIFT_OPTIMIZATION_LEVEL = "-O";
				VALIDATE_PRODUCT = YES;
			};
			name = Release;
		};
		CD57145D266910D4005DD8C5 /* Debug */ = {
			isa = XCBuildConfiguration;
			buildSettings = {
				ASSETCATALOG_COMPILER_APPICON_NAME = AppIcon;
				ASSETCATALOG_COMPILER_GLOBAL_ACCENT_COLOR_NAME = AccentColor;
				CODE_SIGN_STYLE = Automatic;
				DEVELOPMENT_TEAM = RZB66V3XMY;
				INFOPLIST_FILE = SimpleChat/Info.plist;
				LD_RUNPATH_SEARCH_PATHS = (
					"$(inherited)",
					"@executable_path/Frameworks",
				);
				PRODUCT_BUNDLE_IDENTIFIER = com.tomohiro.SimpleChat;
				PRODUCT_NAME = "$(TARGET_NAME)";
				SWIFT_VERSION = 5.0;
				TARGETED_DEVICE_FAMILY = 1;
			};
			name = Debug;
		};
		CD57145E266910D4005DD8C5 /* Release */ = {
			isa = XCBuildConfiguration;
			buildSettings = {
				ASSETCATALOG_COMPILER_APPICON_NAME = AppIcon;
				ASSETCATALOG_COMPILER_GLOBAL_ACCENT_COLOR_NAME = AccentColor;
				CODE_SIGN_STYLE = Automatic;
				DEVELOPMENT_TEAM = RZB66V3XMY;
				INFOPLIST_FILE = SimpleChat/Info.plist;
				LD_RUNPATH_SEARCH_PATHS = (
					"$(inherited)",
					"@executable_path/Frameworks",
				);
				PRODUCT_BUNDLE_IDENTIFIER = com.tomohiro.SimpleChat;
				PRODUCT_NAME = "$(TARGET_NAME)";
				SWIFT_VERSION = 5.0;
				TARGETED_DEVICE_FAMILY = 1;
			};
			name = Release;
		};
/* End XCBuildConfiguration section */

/* Begin XCConfigurationList section */
		CD571443266910D1005DD8C5 /* Build configuration list for PBXProject "SimpleChat" */ = {
			isa = XCConfigurationList;
			buildConfigurations = (
				CD57145A266910D4005DD8C5 /* Debug */,
				CD57145B266910D4005DD8C5 /* Release */,
			);
			defaultConfigurationIsVisible = 0;
			defaultConfigurationName = Release;
		};
		CD57145C266910D4005DD8C5 /* Build configuration list for PBXNativeTarget "SimpleChat" */ = {
			isa = XCConfigurationList;
			buildConfigurations = (
				CD57145D266910D4005DD8C5 /* Debug */,
				CD57145E266910D4005DD8C5 /* Release */,
			);
			defaultConfigurationIsVisible = 0;
			defaultConfigurationName = Release;
		};
/* End XCConfigurationList section */
	};
	rootObject = CD571440266910D1005DD8C5 /* Project object */;
}
